
Microsoft Visual Studio Solution File, Format Version 12.00
# Visual Studio Version 17
VisualStudioVersion = 17.5.002.0
MinimumVisualStudioVersion = 10.0.40219.1
Project("{9A19103F-16F7-4668-BE54-9A1E7A4F7556}") = "ShoppingAPI", "ShoppingAPI.csproj", "{55A5E8E4-FC1C-4E39-A077-4013638E0B04}"
EndProject
Global
	GlobalSection(SolutionConfigurationPlatforms) = preSolution
		Debug|Any CPU = Debug|Any CPU
		Release|Any CPU = Release|Any CPU
	EndGlobalSection
	GlobalSection(ProjectConfigurationPlatforms) = postSolution
		{55A5E8E4-FC1C-4E39-A077-4013638E0B04}.Debug|Any CPU.ActiveCfg = Debug|Any CPU
		{55A5E8E4-FC1C-4E39-A077-4013638E0B04}.Debug|Any CPU.Build.0 = Debug|Any CPU
		{55A5E8E4-FC1C-4E39-A077-4013638E0B04}.Release|Any CPU.ActiveCfg = Release|Any CPU
		{55A5E8E4-FC1C-4E39-A077-4013638E0B04}.Release|Any CPU.Build.0 = Release|Any CPU
	EndGlobalSection
	GlobalSection(SolutionProperties) = preSolution
		HideSolutionNode = FALSE
	EndGlobalSection
	GlobalSection(ExtensibilityGlobals) = postSolution
		SolutionGuid = {E41B3B7F-8FA5-408A-87AF-68B535CD79D0}
	EndGlobalSection
EndGlobal
